// !$*UTF8*$!
{
	archiveVersion = 1;
	classes = {
	};
	objectVersion = 48;
	objects = {

/* Begin PBXBuildFile section */
		F27E9C9E2047A74000D41365 /* 1_TwoSum.swift in Sources */ = {isa = PBXBuildFile; fileRef = F27E9C9D2047A74000D41365 /* 1_TwoSum.swift */; };
		F27E9CA02047A78C00D41365 /* main.swift in Sources */ = {isa = PBXBuildFile; fileRef = F27E9C9F2047A78C00D41365 /* main.swift */; };
		F27E9CA32047A85300D41365 /* ListNode.swift in Sources */ = {isa = PBXBuildFile; fileRef = F27E9CA22047A85300D41365 /* ListNode.swift */; };
		F27E9CA52047A87B00D41365 /* TreeNode.swift in Sources */ = {isa = PBXBuildFile; fileRef = F27E9CA42047A87B00D41365 /* TreeNode.swift */; };
		F27E9CA72047A88E00D41365 /* TreeLinkNode.swift in Sources */ = {isa = PBXBuildFile; fileRef = F27E9CA62047A88E00D41365 /* TreeLinkNode.swift */; };
		F27E9CA92047A89F00D41365 /* Point.swift in Sources */ = {isa = PBXBuildFile; fileRef = F27E9CA82047A89F00D41365 /* Point.swift */; };
		F27E9CAB2047A8C100D41365 /* PriorityQueue.swift in Sources */ = {isa = PBXBuildFile; fileRef = F27E9CAA2047A8C100D41365 /* PriorityQueue.swift */; };
		F27E9CAD2047A8D500D41365 /* Interval.swift in Sources */ = {isa = PBXBuildFile; fileRef = F27E9CAC2047A8D500D41365 /* Interval.swift */; };
		F27E9CAF2047A91B00D41365 /* 2_AddTwoNumbers.swift in Sources */ = {isa = PBXBuildFile; fileRef = F27E9CAE2047A91B00D41365 /* 2_AddTwoNumbers.swift */; };
		F27E9CB12047AB0500D41365 /* 3_LongestSubstringWithoutRepeatingCharacters.swift in Sources */ = {isa = PBXBuildFile; fileRef = F27E9CB02047AB0500D41365 /* 3_LongestSubstringWithoutRepeatingCharacters.swift */; };
		F27E9CB32047D11300D41365 /* 4_MedianOfTwoSortedArrays.swift in Sources */ = {isa = PBXBuildFile; fileRef = F27E9CB22047D11300D41365 /* 4_MedianOfTwoSortedArrays.swift */; };
/* End PBXBuildFile section */

/* Begin PBXCopyFilesBuildPhase section */
		F27E9C902047A68F00D41365 /* CopyFiles */ = {
			isa = PBXCopyFilesBuildPhase;
			buildActionMask = 2147483647;
			dstPath = /usr/share/man/man1/;
			dstSubfolderSpec = 0;
			files = (
			);
			runOnlyForDeploymentPostprocessing = 1;
		};
/* End PBXCopyFilesBuildPhase section */

/* Begin PBXFileReference section */
		F27E9C922047A68F00D41365 /* LeetCodeSolutionsSwift */ = {isa = PBXFileReference; explicitFileType = "compiled.mach-o.executable"; includeInIndex = 0; path = LeetCodeSolutionsSwift; sourceTree = BUILT_PRODUCTS_DIR; };
		F27E9C9D2047A74000D41365 /* 1_TwoSum.swift */ = {isa = PBXFileReference; lastKnownFileType = sourcecode.swift; path = 1_TwoSum.swift; sourceTree = "<group>"; };
		F27E9C9F2047A78C00D41365 /* main.swift */ = {isa = PBXFileReference; lastKnownFileType = sourcecode.swift; path = main.swift; sourceTree = "<group>"; };
		F27E9CA22047A85300D41365 /* ListNode.swift */ = {isa = PBXFileReference; lastKnownFileType = sourcecode.swift; path = ListNode.swift; sourceTree = "<group>"; };
		F27E9CA42047A87B00D41365 /* TreeNode.swift */ = {isa = PBXFileReference; lastKnownFileType = sourcecode.swift; path = TreeNode.swift; sourceTree = "<group>"; };
		F27E9CA62047A88E00D41365 /* TreeLinkNode.swift */ = {isa = PBXFileReference; lastKnownFileType = sourcecode.swift; path = TreeLinkNode.swift; sourceTree = "<group>"; };
		F27E9CA82047A89F00D41365 /* Point.swift */ = {isa = PBXFileReference; lastKnownFileType = sourcecode.swift; path = Point.swift; sourceTree = "<group>"; };
		F27E9CAA2047A8C100D41365 /* PriorityQueue.swift */ = {isa = PBXFileReference; lastKnownFileType = sourcecode.swift; path = PriorityQueue.swift; sourceTree = "<group>"; };
		F27E9CAC2047A8D500D41365 /* Interval.swift */ = {isa = PBXFileReference; lastKnownFileType = sourcecode.swift; path = Interval.swift; sourceTree = "<group>"; };
		F27E9CAE2047A91B00D41365 /* 2_AddTwoNumbers.swift */ = {isa = PBXFileReference; lastKnownFileType = sourcecode.swift; path = 2_AddTwoNumbers.swift; sourceTree = "<group>"; };
		F27E9CB02047AB0500D41365 /* 3_LongestSubstringWithoutRepeatingCharacters.swift */ = {isa = PBXFileReference; lastKnownFileType = sourcecode.swift; path = 3_LongestSubstringWithoutRepeatingCharacters.swift; sourceTree = "<group>"; };
		F27E9CB22047D11300D41365 /* 4_MedianOfTwoSortedArrays.swift */ = {isa = PBXFileReference; lastKnownFileType = sourcecode.swift; path = 4_MedianOfTwoSortedArrays.swift; sourceTree = "<group>"; };
/* End PBXFileReference section */

/* Begin PBXFrameworksBuildPhase section */
		F27E9C8F2047A68F00D41365 /* Frameworks */ = {
			isa = PBXFrameworksBuildPhase;
			buildActionMask = 2147483647;
			files = (
			);
			runOnlyForDeploymentPostprocessing = 0;
		};
/* End PBXFrameworksBuildPhase section */

/* Begin PBXGroup section */
		F27E9C892047A68F00D41365 = {
			isa = PBXGroup;
			children = (
				F27E9C942047A68F00D41365 /* LeetCodeSolutionsSwift */,
				F27E9C932047A68F00D41365 /* Products */,
			);
			sourceTree = "<group>";
		};
		F27E9C932047A68F00D41365 /* Products */ = {
			isa = PBXGroup;
			children = (
				F27E9C922047A68F00D41365 /* LeetCodeSolutionsSwift */,
			);
			name = Products;
			sourceTree = "<group>";
		};
		F27E9C942047A68F00D41365 /* LeetCodeSolutionsSwift */ = {
			isa = PBXGroup;
			children = (
				F27E9C9C2047A6E600D41365 /* Solutions */,
				F27E9C9F2047A78C00D41365 /* main.swift */,
				F27E9CA12047A82F00D41365 /* DataStructure */,
			);
			path = LeetCodeSolutionsSwift;
			sourceTree = "<group>";
		};
		F27E9C9C2047A6E600D41365 /* Solutions */ = {
			isa = PBXGroup;
			children = (
				F27E9C9D2047A74000D41365 /* 1_TwoSum.swift */,
				F27E9CAE2047A91B00D41365 /* 2_AddTwoNumbers.swift */,
				F27E9CB02047AB0500D41365 /* 3_LongestSubstringWithoutRepeatingCharacters.swift */,
				F27E9CB22047D11300D41365 /* 4_MedianOfTwoSortedArrays.swift */,
			);
			path = Solutions;
			sourceTree = "<group>";
		};
		F27E9CA12047A82F00D41365 /* DataStructure */ = {
			isa = PBXGroup;
			children = (
				F27E9CA22047A85300D41365 /* ListNode.swift */,
				F27E9CA42047A87B00D41365 /* TreeNode.swift */,
				F27E9CA62047A88E00D41365 /* TreeLinkNode.swift */,
				F27E9CA82047A89F00D41365 /* Point.swift */,
				F27E9CAA2047A8C100D41365 /* PriorityQueue.swift */,
				F27E9CAC2047A8D500D41365 /* Interval.swift */,
			);
			path = DataStructure;
			sourceTree = "<group>";
		};
/* End PBXGroup section */

/* Begin PBXNativeTarget section */
		F27E9C912047A68F00D41365 /* LeetCodeSolutionsSwift */ = {
			isa = PBXNativeTarget;
			buildConfigurationList = F27E9C992047A68F00D41365 /* Build configuration list for PBXNativeTarget "LeetCodeSolutionsSwift" */;
			buildPhases = (
				F27E9C8E2047A68F00D41365 /* Sources */,
				F27E9C8F2047A68F00D41365 /* Frameworks */,
				F27E9C902047A68F00D41365 /* CopyFiles */,
			);
			buildRules = (
			);
			dependencies = (
			);
			name = LeetCodeSolutionsSwift;
			productName = LeetCodeSolutionsSwift;
			productReference = F27E9C922047A68F00D41365 /* LeetCodeSolutionsSwift */;
			productType = "com.apple.product-type.tool";
		};
/* End PBXNativeTarget section */

/* Begin PBXProject section */
		F27E9C8A2047A68F00D41365 /* Project object */ = {
			isa = PBXProject;
			attributes = {
				LastSwiftUpdateCheck = 0920;
				LastUpgradeCheck = 0920;
				ORGANIZATIONNAME = ChenYouQi;
				TargetAttributes = {
					F27E9C912047A68F00D41365 = {
						CreatedOnToolsVersion = 9.2;
						LastSwiftMigration = 0920;
						ProvisioningStyle = Automatic;
					};
				};
			};
			buildConfigurationList = F27E9C8D2047A68F00D41365 /* Build configuration list for PBXProject "LeetCodeSolutionsSwift" */;
			compatibilityVersion = "Xcode 8.0";
			developmentRegion = en;
			hasScannedForEncodings = 0;
			knownRegions = (
				en,
			);
			mainGroup = F27E9C892047A68F00D41365;
			productRefGroup = F27E9C932047A68F00D41365 /* Products */;
			projectDirPath = "";
			projectRoot = "";
			targets = (
				F27E9C912047A68F00D41365 /* LeetCodeSolutionsSwift */,
			);
		};
/* End PBXProject section */

/* Begin PBXSourcesBuildPhase section */
		F27E9C8E2047A68F00D41365 /* Sources */ = {
			isa = PBXSourcesBuildPhase;
			buildActionMask = 2147483647;
			files = (
				F27E9CA02047A78C00D41365 /* main.swift in Sources */,
				F27E9C9E2047A74000D41365 /* 1_TwoSum.swift in Sources */,
				F27E9CA92047A89F00D41365 /* Point.swift in Sources */,
				F27E9CB32047D11300D41365 /* 4_MedianOfTwoSortedArrays.swift in Sources */,
				F27E9CA72047A88E00D41365 /* TreeLinkNode.swift in Sources */,
				F27E9CA32047A85300D41365 /* ListNode.swift in Sources */,
				F27E9CB12047AB0500D41365 /* 3_LongestSubstringWithoutRepeatingCharacters.swift in Sources */,
				F27E9CAF2047A91B00D41365 /* 2_AddTwoNumbers.swift in Sources */,
				F27E9CAB2047A8C100D41365 /* PriorityQueue.swift in Sources */,
				F27E9CAD2047A8D500D41365 /* Interval.swift in Sources */,
				F27E9CA52047A87B00D41365 /* TreeNode.swift in Sources */,
			);
			runOnlyForDeploymentPostprocessing = 0;
		};
/* End PBXSourcesBuildPhase section */

/* Begin XCBuildConfiguration section */
		F27E9C972047A68F00D41365 /* Debug */ = {
			isa = XCBuildConfiguration;
			buildSettings = {
				ALWAYS_SEARCH_USER_PATHS = NO;
				CLANG_ANALYZER_NONNULL = YES;
				CLANG_ANALYZER_NUMBER_OBJECT_CONVERSION = YES_AGGRESSIVE;
				CLANG_CXX_LANGUAGE_STANDARD = "gnu++14";
				CLANG_CXX_LIBRARY = "libc++";
				CLANG_ENABLE_MODULES = YES;
				CLANG_ENABLE_OBJC_ARC = YES;
				CLANG_WARN_BLOCK_CAPTURE_AUTORELEASING = YES;
				CLANG_WARN_BOOL_CONVERSION = YES;
				CLANG_WARN_COMMA = YES;
				CLANG_WARN_CONSTANT_CONVERSION = YES;
				CLANG_WARN_DIRECT_OBJC_ISA_USAGE = YES_ERROR;
				CLANG_WARN_DOCUMENTATION_COMMENTS = YES;
				CLANG_WARN_EMPTY_BODY = YES;
				CLANG_WARN_ENUM_CONVERSION = YES;
				CLANG_WARN_INFINITE_RECURSION = YES;
				CLANG_WARN_INT_CONVERSION = YES;
				CLANG_WARN_NON_LITERAL_NULL_CONVERSION = YES;
				CLANG_WARN_OBJC_LITERAL_CONVERSION = YES;
				CLANG_WARN_OBJC_ROOT_CLASS = YES_ERROR;
				CLANG_WARN_RANGE_LOOP_ANALYSIS = YES;
				CLANG_WARN_STRICT_PROTOTYPES = YES;
				CLANG_WARN_SUSPICIOUS_MOVE = YES;
				CLANG_WARN_UNGUARDED_AVAILABILITY = YES_AGGRESSIVE;
				CLANG_WARN_UNREACHABLE_CODE = YES;
				CLANG_WARN__DUPLICATE_METHOD_MATCH = YES;
				CODE_SIGN_IDENTITY = "Mac Developer";
				COPY_PHASE_STRIP = NO;
				DEBUG_INFORMATION_FORMAT = dwarf;
				ENABLE_STRICT_OBJC_MSGSEND = YES;
				ENABLE_TESTABILITY = YES;
				GCC_C_LANGUAGE_STANDARD = gnu11;
				GCC_DYNAMIC_NO_PIC = NO;
				GCC_NO_COMMON_BLOCKS = YES;
				GCC_OPTIMIZATION_LEVEL = 0;
				GCC_PREPROCESSOR_DEFINITIONS = (
					"DEBUG=1",
					"$(inherited)",
				);
				GCC_WARN_64_TO_32_BIT_CONVERSION = YES;
				GCC_WARN_ABOUT_RETURN_TYPE = YES_ERROR;
				GCC_WARN_UNDECLARED_SELECTOR = YES;
				GCC_WARN_UNINITIALIZED_AUTOS = YES_AGGRESSIVE;
				GCC_WARN_UNUSED_FUNCTION = YES;
				GCC_WARN_UNUSED_VARIABLE = YES;
				MACOSX_DEPLOYMENT_TARGET = 10.12;
				MTL_ENABLE_DEBUG_INFO = YES;
				ONLY_ACTIVE_ARCH = YES;
				SDKROOT = macosx;
				SWIFT_ACTIVE_COMPILATION_CONDITIONS = DEBUG;
				SWIFT_OPTIMIZATION_LEVEL = "-Onone";
			};
			name = Debug;
		};
		F27E9C982047A68F00D41365 /* Release */ = {
			isa = XCBuildConfiguration;
			buildSettings = {
				ALWAYS_SEARCH_USER_PATHS = NO;
				CLANG_ANALYZER_NONNULL = YES;
				CLANG_ANALYZER_NUMBER_OBJECT_CONVERSION = YES_AGGRESSIVE;
				CLANG_CXX_LANGUAGE_STANDARD = "gnu++14";
				CLANG_CXX_LIBRARY = "libc++";
				CLANG_ENABLE_MODULES = YES;
				CLANG_ENABLE_OBJC_ARC = YES;
				CLANG_WARN_BLOCK_CAPTURE_AUTORELEASING = YES;
				CLANG_WARN_BOOL_CONVERSION = YES;
				CLANG_WARN_COMMA = YES;
				CLANG_WARN_CONSTANT_CONVERSION = YES;
				CLANG_WARN_DIRECT_OBJC_ISA_USAGE = YES_ERROR;
				CLANG_WARN_DOCUMENTATION_COMMENTS = YES;
				CLANG_WARN_EMPTY_BODY = YES;
				CLANG_WARN_ENUM_CONVERSION = YES;
				CLANG_WARN_INFINITE_RECURSION = YES;
				CLANG_WARN_INT_CONVERSION = YES;
				CLANG_WARN_NON_LITERAL_NULL_CONVERSION = YES;
				CLANG_WARN_OBJC_LITERAL_CONVERSION = YES;
				CLANG_WARN_OBJC_ROOT_CLASS = YES_ERROR;
				CLANG_WARN_RANGE_LOOP_ANALYSIS = YES;
				CLANG_WARN_STRICT_PROTOTYPES = YES;
				CLANG_WARN_SUSPICIOUS_MOVE = YES;
				CLANG_WARN_UNGUARDED_AVAILABILITY = YES_AGGRESSIVE;
				CLANG_WARN_UNREACHABLE_CODE = YES;
				CLANG_WARN__DUPLICATE_METHOD_MATCH = YES;
				CODE_SIGN_IDENTITY = "Mac Developer";
				COPY_PHASE_STRIP = NO;
				DEBUG_INFORMATION_FORMAT = "dwarf-with-dsym";
				ENABLE_NS_ASSERTIONS = NO;
				ENABLE_STRICT_OBJC_MSGSEND = YES;
				GCC_C_LANGUAGE_STANDARD = gnu11;
				GCC_NO_COMMON_BLOCKS = YES;
				GCC_WARN_64_TO_32_BIT_CONVERSION = YES;
				GCC_WARN_ABOUT_RETURN_TYPE = YES_ERROR;
				GCC_WARN_UNDECLARED_SELECTOR = YES;
				GCC_WARN_UNINITIALIZED_AUTOS = YES_AGGRESSIVE;
				GCC_WARN_UNUSED_FUNCTION = YES;
				GCC_WARN_UNUSED_VARIABLE = YES;
				MACOSX_DEPLOYMENT_TARGET = 10.12;
				MTL_ENABLE_DEBUG_INFO = NO;
				SDKROOT = macosx;
				SWIFT_OPTIMIZATION_LEVEL = "-Owholemodule";
			};
			name = Release;
		};
		F27E9C9A2047A68F00D41365 /* Debug */ = {
			isa = XCBuildConfiguration;
			buildSettings = {
				CLANG_ENABLE_MODULES = YES;
				CODE_SIGN_STYLE = Automatic;
				DEVELOPMENT_TEAM = MUJAA9M42P;
				LD_RUNPATH_SEARCH_PATHS = "$(inherited) @executable_path/../Frameworks @loader_path/../Frameworks";
				PRODUCT_NAME = "$(TARGET_NAME)";
				SWIFT_OPTIMIZATION_LEVEL = "-Onone";
				SWIFT_VERSION = 4.0;
			};
			name = Debug;
		};
		F27E9C9B2047A68F00D41365 /* Release */ = {
			isa = XCBuildConfiguration;
			buildSettings = {
				CLANG_ENABLE_MODULES = YES;
				CODE_SIGN_STYLE = Automatic;
				DEVELOPMENT_TEAM = MUJAA9M42P;
				LD_RUNPATH_SEARCH_PATHS = "$(inherited) @executable_path/../Frameworks @loader_path/../Frameworks";
				PRODUCT_NAME = "$(TARGET_NAME)";
				SWIFT_VERSION = 4.0;
			};
			name = Release;
		};
/* End XCBuildConfiguration section */

/* Begin XCConfigurationList section */
		F27E9C8D2047A68F00D41365 /* Build configuration list for PBXProject "LeetCodeSolutionsSwift" */ = {
			isa = XCConfigurationList;
			buildConfigurations = (
				F27E9C972047A68F00D41365 /* Debug */,
				F27E9C982047A68F00D41365 /* Release */,
			);
			defaultConfigurationIsVisible = 0;
			defaultConfigurationName = Release;
		};
		F27E9C992047A68F00D41365 /* Build configuration list for PBXNativeTarget "LeetCodeSolutionsSwift" */ = {
			isa = XCConfigurationList;
			buildConfigurations = (
				F27E9C9A2047A68F00D41365 /* Debug */,
				F27E9C9B2047A68F00D41365 /* Release */,
			);
			defaultConfigurationIsVisible = 0;
			defaultConfigurationName = Release;
		};
/* End XCConfigurationList section */
	};
	rootObject = F27E9C8A2047A68F00D41365 /* Project object */;
}
